# Generated by pub
# See http://pub.dartlang.org/doc/glossary.html#lockfile
packages:
  analyzer_experimental:
    description: analyzer_experimental
    source: hosted
    version: "0.5.16"
  args:
    description: args
    source: hosted
    version: "0.5.16"
  browser:
    description: browser
    source: hosted
    version: "0.4.7+1"
  crypto:
    description: crypto
    source: hosted
    version: "0.5.13"
  intl:
    description: intl
    source: hosted
    version: "0.5.16"
  meta:
    description: meta
    source: hosted
    version: "0.4.7+1"
  pathos:
    description: pathos
    source: hosted
    version: "0.5.16"
