# Generated by pub
# See http://pub.dartlang.org/doc/glossary.html#lockfile
packages:
  browser:
    description: browser
    source: hosted
    version: "0.4.7+1"
  crypto:
    description: crypto
    source: hosted
    version: "0.5.13"
  meta:
    description: meta
    source: hosted
    version: "0.4.7+1"
